<?xml version="1.0" encoding="utf-8"?>
<Project ToolsVersion="4.0" xmlns="http://schemas.microsoft.com/developer/msbuild/2003">
  <ItemGroup>
    <Filter Include="Source Files">
      <UniqueIdentifier>{4FC737F1-C7A5-4376-A066-2A32D752A2FF}</UniqueIdentifier>
      <Extensions>cpp;c;cc;cxx;def;odl;idl;hpj;bat;asm;asmx</Extensions>
    </Filter>
    <Filter Include="Resource Files">
      <UniqueIdentifier>{67DA6AB6-F800-4c08-8B7A-83BB121AAD01}</UniqueIdentifier>
      <Extensions>rc;ico;cur;bmp;dlg;rc2;rct;bin;rgs;gif;jpg;jpeg;jpe;resx;tiff;tif;png;wav;mfcribbon-ms</Extensions>
    </Filter>
    <Filter Include="Source Files\Resources">
      <UniqueIdentifier>{c96cf9de-9e4c-427a-bba6-ca9adb7fcc22}</UniqueIdentifier>
    </Filter>
    <Filter Include="Source Files\Platform">
      <UniqueIdentifier>{b9beac29-519b-414c-802d-4ea3f20a7efa}</UniqueIdentifier>
    </Filter>
    <Filter Include="Source Files\Loaders">
      <UniqueIdentifier>{b3c33407-998c-44b0-bc89-3299e60f8673}</UniqueIdentifier>
    </Filter>
    <Filter Include="Source Files\Input">
      <UniqueIdentifier>{01e6d63c-1f6c-4677-bd33-aa044ed7b313}</UniqueIdentifier>
    </Filter>
    <Filter Include="Source Files\Camera">
      <UniqueIdentifier>{fd489283-7909-497e-a557-d02b77a54cbb}</UniqueIdentifier>
    </Filter>
    <Filter Include="Source Files\Camera\inputHandlers">
      <UniqueIdentifier>{33823af6-bf96-4abd-ba1d-a2132e20f205}</UniqueIdentifier>
    </Filter>
    <Filter Include="Source Files\ECS">
      <UniqueIdentifier>{8223f4da-e7ea-423b-bbfb-837960d6c9c7}</UniqueIdentifier>
    </Filter>
    <Filter Include="Source Files\Renderer">
      <UniqueIdentifier>{f912d248-d83a-4499-80a0-fcbf4bd3304a}</UniqueIdentifier>
    </Filter>
  </ItemGroup>
  <ItemGroup>
    <ClCompile Include="src/debug.cxx">
      <Filter>Source Files</Filter>
    </ClCompile>
    <ClCompile Include="src/descriptor.cxx">
      <Filter>Source Files</Filter>
    </ClCompile>
    <ClCompile Include="src/device.cxx">
      <Filter>Source Files</Filter>
    </ClCompile>
    <ClCompile Include="src/instance.cxx">
      <Filter>Source Files</Filter>
    </ClCompile>
    <ClCompile Include="src/main.cxx">
      <Filter>Source Files</Filter>
    </ClCompile>
    <ClCompile Include="src/swapchain.cxx">
      <Filter>Source Files</Filter>
    </ClCompile>
    <ClCompile Include="src/input/inputManager.cxx">
      <Filter>Source Files\Input</Filter>
    </ClCompile>
    <ClCompile Include="src/input/mouseInput.cxx">
      <Filter>Source Files\Input</Filter>
    </ClCompile>
    <ClCompile Include="src/camera/cameraController.cxx">
      <Filter>Source Files\Camera</Filter>
    </ClCompile>
    <ClCompile Include="src/platform/window.cxx">
      <Filter>Source Files\Platform</Filter>
    </ClCompile>
    <ClCompile Include="src/camera/handlers/mouseHandler.cxx">
      <Filter>Source Files\Camera\inputHandlers</Filter>
    </ClCompile>
    <ClCompile Include="src\loaders\loaderGLTF.cxx">
      <Filter>Source Files\Loaders</Filter>
    </ClCompile>
    <ClCompile Include="src\pipeline.cxx">
      <Filter>Source Files</Filter>
    </ClCompile>
    <ClCompile Include="src\resources\resource.cxx">
      <Filter>Source Files\Resources</Filter>
    </ClCompile>
    <ClCompile Include="src\resources\buffer.cxx">
      <Filter>Source Files\Resources</Filter>
    </ClCompile>
    <ClCompile Include="src\resources\image.cxx">
      <Filter>Source Files\Resources</Filter>
    </ClCompile>
    <ClCompile Include="src\resources\program.cxx">
      <Filter>Source Files\Resources</Filter>
    </ClCompile>
    <ClCompile Include="src\loaders\loaderTARGA.cxx">
      <Filter>Source Files\Loaders</Filter>
    </ClCompile>
    <ClCompile Include="src\ecs\transform.cxx">
      <Filter>Source Files\ECS</Filter>
    </ClCompile>
    <ClCompile Include="src\ecs\node.cxx">
      <Filter>Source Files\ECS</Filter>
    </ClCompile>
    <ClCompile Include="src\sceneTree.cxx">
      <Filter>Source Files\ECS</Filter>
    </ClCompile>
    <ClCompile Include="src\resources\memory.cxx">
      <Filter>Source Files\Resources</Filter>
    </ClCompile>
    <ClCompile Include="src\renderPass.cxx">
      <Filter>Source Files</Filter>
    </ClCompile>
  </ItemGroup>
  <ItemGroup>
    <ClInclude Include="src/input/inputDataTypes.hxx">
      <Filter>Source Files\Input</Filter>
    </ClInclude>
    <ClInclude Include="src/input/inputManager.hxx">
      <Filter>Source Files\Input</Filter>
    </ClInclude>
    <ClInclude Include="src/camera/cameraController.hxx">
      <Filter>Source Files\Camera</Filter>
    </ClInclude>
    <ClInclude Include="src/camera/handlers/mouseHandler.hxx">
      <Filter>Source Files\Camera\inputHandlers</Filter>
    </ClInclude>
    <ClInclude Include="src/commandBuffer.hxx">
      <Filter>Source Files</Filter>
    </ClInclude>
    <ClInclude Include="src/deviceDefaults.hxx">
      <Filter>Source Files</Filter>
    </ClInclude>
    <ClInclude Include="src/queueBuilder.hxx">
      <Filter>Source Files</Filter>
    </ClInclude>
    <ClInclude Include="src/debug.hxx">
      <Filter>Source Files</Filter>
    </ClInclude>
    <ClInclude Include="src/descriptor.hxx">
      <Filter>Source Files</Filter>
    </ClInclude>
    <ClInclude Include="src/device.hxx">
      <Filter>Source Files</Filter>
    </ClInclude>
    <ClInclude Include="src/helpers.hxx">
      <Filter>Source Files</Filter>
    </ClInclude>
    <ClInclude Include="src/instance.hxx">
      <Filter>Source Files</Filter>
    </ClInclude>
    <ClInclude Include="src/main.hxx">
      <Filter>Source Files</Filter>
    </ClInclude>
    <ClInclude Include="src/math.hxx">
      <Filter>Source Files</Filter>
    </ClInclude>
    <ClInclude Include="src/queues.hxx">
      <Filter>Source Files</Filter>
    </ClInclude>
    <ClInclude Include="src/swapchain.hxx">
      <Filter>Source Files</Filter>
    </ClInclude>
    <ClInclude Include="src/platform/window.hxx">
      <Filter>Source Files\Platform</Filter>
    </ClInclude>
    <ClInclude Include="src\vertexFormat.hxx">
      <Filter>Source Files</Filter>
    </ClInclude>
    <ClInclude Include="src\loaders\loaderGLTF.hxx">
      <Filter>Source Files\Loaders</Filter>
    </ClInclude>
    <ClInclude Include="src/input/mouseInput.hxx">
      <Filter>Source Files\Input</Filter>
    </ClInclude>
    <ClInclude Include="src\pipeline.hxx">
      <Filter>Source Files</Filter>
    </ClInclude>
    <ClInclude Include="src\resources\buffer.hxx">
      <Filter>Source Files\Resources</Filter>
    </ClInclude>
    <ClInclude Include="src\resources\image.hxx">
      <Filter>Source Files\Resources</Filter>
    </ClInclude>
    <ClInclude Include="src\resources\program.hxx">
      <Filter>Source Files\Resources</Filter>
    </ClInclude>
    <ClInclude Include="src\resources\resource.hxx">
      <Filter>Source Files\Resources</Filter>
    </ClInclude>
    <ClInclude Include="src\loaders\loaderTARGA.hxx">
      <Filter>Source Files\Loaders</Filter>
    </ClInclude>
    <ClInclude Include="src\ecs\node.hxx">
      <Filter>Source Files\ECS</Filter>
    </ClInclude>
    <ClInclude Include="src\ecs\transform.hxx">
      <Filter>Source Files\ECS</Filter>
    </ClInclude>
    <ClInclude Include="src\ecs\ecs.hxx">
      <Filter>Source Files\ECS</Filter>
    </ClInclude>
    <ClInclude Include="src\ecs\mesh.hxx">
      <Filter>Source Files\ECS</Filter>
    </ClInclude>
    <ClInclude Include="src\sceneTree.hxx">
      <Filter>Source Files\ECS</Filter>
    </ClInclude>
    <ClInclude Include="src\staging.hxx">
      <Filter>Source Files</Filter>
    </ClInclude>
    <ClInclude Include="src\resources\memory.hxx">
      <Filter>Source Files\Resources</Filter>
    </ClInclude>
    <ClInclude Include="src\renderPass.hxx">
      <Filter>Source Files</Filter>
    </ClInclude>
    <ClInclude Include="src\semaphore.hxx">
      <Filter>Source Files</Filter>
    </ClInclude>
    <ClInclude Include="src\material.hxx">
      <Filter>Source Files\Renderer</Filter>
    </ClInclude>
    <ClInclude Include="src\shader.hxx">
      <Filter>Source Files\Renderer</Filter>
    </ClInclude>
    <ClInclude Include="src\pipelines.hxx">
      <Filter>Source Files\Renderer</Filter>
    </ClInclude>
  </ItemGroup>
  <ItemGroup>
    <None Include="../shaders/shader.frag">
      <Filter>Resource Files</Filter>
    </None>
    <None Include="../shaders/shader.vert">
      <Filter>Resource Files</Filter>
    </None>
  </ItemGroup>
</Project>