<?xml version="1.0" encoding="utf-8"?>
<Project ToolsVersion="4.0" xmlns="http://schemas.microsoft.com/developer/msbuild/2003">
  <ItemGroup>
    <Filter Include="Source Files">
      <UniqueIdentifier>{4FC737F1-C7A5-4376-A066-2A32D752A2FF}</UniqueIdentifier>
      <Extensions>cpp;c;cc;cxx;def;odl;idl;hpj;bat;asm;asmx</Extensions>
    </Filter>
    <Filter Include="Resource Files">
      <UniqueIdentifier>{67DA6AB6-F800-4c08-8B7A-83BB121AAD01}</UniqueIdentifier>
      <Extensions>rc;ico;cur;bmp;dlg;rc2;rct;bin;rgs;gif;jpg;jpeg;jpe;resx;tiff;tif;png;wav;mfcribbon-ms</Extensions>
    </Filter>
  </ItemGroup>
  <ItemGroup>
    <ClCompile Include="src\main.cxx">
      <Filter>Source Files</Filter>
    </ClCompile>
    <ClCompile Include="src\device.cxx">
      <Filter>Source Files</Filter>
    </ClCompile>
    <ClCompile Include="src\instance.cxx">
      <Filter>Source Files</Filter>
    </ClCompile>
    <ClCompile Include="src\debug.cxx">
      <Filter>Source Files</Filter>
    </ClCompile>
    <ClCompile Include="src\TARGA_loader.cxx">
      <Filter>Source Files</Filter>
    </ClCompile>
    <ClCompile Include="src\swapchain.cxx">
      <Filter>Source Files</Filter>
    </ClCompile>
    <ClCompile Include="src\buffer.cxx">
      <Filter>Source Files</Filter>
    </ClCompile>
    <ClCompile Include="src\image.cxx">
      <Filter>Source Files</Filter>
    </ClCompile>
    <ClCompile Include="src\resource.cxx">
      <Filter>Source Files</Filter>
    </ClCompile>
    <ClCompile Include="src\glTFLoader.cxx">
      <Filter>Source Files</Filter>
    </ClCompile>
    <ClCompile Include="src\scene_tree.cxx">
      <Filter>Source Files</Filter>
    </ClCompile>
  </ItemGroup>
  <ItemGroup>
    <ClInclude Include="src\queues.hxx">
      <Filter>Source Files</Filter>
    </ClInclude>
    <ClInclude Include="src\buffer.hxx">
      <Filter>Source Files</Filter>
    </ClInclude>
    <ClInclude Include="src\command_buffer.hxx">
      <Filter>Source Files</Filter>
    </ClInclude>
    <ClInclude Include="src\debug.hxx">
      <Filter>Source Files</Filter>
    </ClInclude>
    <ClInclude Include="src\device.hxx">
      <Filter>Source Files</Filter>
    </ClInclude>
    <ClInclude Include="src\device_defaults.hxx">
      <Filter>Source Files</Filter>
    </ClInclude>
    <ClInclude Include="src\helpers.hxx">
      <Filter>Source Files</Filter>
    </ClInclude>
    <ClInclude Include="src\image.hxx">
      <Filter>Source Files</Filter>
    </ClInclude>
    <ClInclude Include="src\instance.hxx">
      <Filter>Source Files</Filter>
    </ClInclude>
    <ClInclude Include="src\main.hxx">
      <Filter>Source Files</Filter>
    </ClInclude>
    <ClInclude Include="src\program.hxx">
      <Filter>Source Files</Filter>
    </ClInclude>
    <ClInclude Include="src\queue_builder.hxx">
      <Filter>Source Files</Filter>
    </ClInclude>
    <ClInclude Include="src\resource.hxx">
      <Filter>Source Files</Filter>
    </ClInclude>
    <ClInclude Include="src\swapchain.hxx">
      <Filter>Source Files</Filter>
    </ClInclude>
    <ClInclude Include="src\TARGA_loader.hxx">
      <Filter>Source Files</Filter>
    </ClInclude>
    <ClInclude Include="src\math.hxx">
      <Filter>Source Files</Filter>
    </ClInclude>
    <ClInclude Include="src\scene_tree.hxx">
      <Filter>Source Files</Filter>
    </ClInclude>
    <ClInclude Include="src\transform.hxx">
      <Filter>Source Files</Filter>
    </ClInclude>
    <ClInclude Include="src\mesh.hxx">
      <Filter>Source Files</Filter>
    </ClInclude>
    <ClInclude Include="src\glTFLoader.hxx">
      <Filter>Source Files</Filter>
    </ClInclude>
  </ItemGroup>
  <ItemGroup>
    <None Include="shaders\shader.frag">
      <Filter>Resource Files</Filter>
    </None>
    <None Include="shaders\shader.vert">
      <Filter>Resource Files</Filter>
    </None>
  </ItemGroup>
</Project>